<?xml version="1.0" encoding="utf-8"?>
<Project ToolsVersion="4.0" xmlns="http://schemas.microsoft.com/developer/msbuild/2003">
  <ItemGroup>
    <ClCompile Include="Dllmain.cpp" />
    <ClCompile Include="d3d8to9\source\d3d8to9.cpp">
      <Filter>d3d8to9</Filter>
    </ClCompile>
    <ClCompile Include="d3d8to9\source\d3d8to9_base.cpp">
      <Filter>d3d8to9</Filter>
    </ClCompile>
    <ClCompile Include="d3d8to9\source\d3d8to9_device.cpp">
      <Filter>d3d8to9</Filter>
    </ClCompile>
    <ClCompile Include="d3d8to9\source\d3d8to9_index_buffer.cpp">
      <Filter>d3d8to9</Filter>
    </ClCompile>
    <ClCompile Include="d3d8to9\source\d3d8to9_surface.cpp">
      <Filter>d3d8to9</Filter>
    </ClCompile>
    <ClCompile Include="d3d8to9\source\d3d8to9_swap_chain.cpp">
      <Filter>d3d8to9</Filter>
    </ClCompile>
    <ClCompile Include="d3d8to9\source\d3d8to9_texture.cpp">
      <Filter>d3d8to9</Filter>
    </ClCompile>
    <ClCompile Include="d3d8to9\source\d3d8to9_vertex_buffer.cpp">
      <Filter>d3d8to9</Filter>
    </ClCompile>
    <ClCompile Include="d3d8to9\source\d3d8to9_volume.cpp">
      <Filter>d3d8to9</Filter>
    </ClCompile>
    <ClCompile Include="d3d8to9\source\d3d8types.cpp">
      <Filter>d3d8to9</Filter>
    </ClCompile>
    <ClCompile Include="d3d8to9\source\lookup_table.cpp">
      <Filter>d3d8to9</Filter>
    </ClCompile>
    <ClCompile Include="External\Logging\Logging.cpp">
      <Filter>External\Logging</Filter>
    </ClCompile>
    <ClCompile Include="External\Hooking\Hook.cpp">
      <Filter>External\Hooking</Filter>
    </ClCompile>
    <ClCompile Include="External\Hooking\HotPatch.cpp">
      <Filter>External\Hooking</Filter>
    </ClCompile>
    <ClCompile Include="External\Hooking\IATPatch.cpp">
      <Filter>External\Hooking</Filter>
    </ClCompile>
  </ItemGroup>
  <ItemGroup>
    <ClInclude Include="Dllmain.h" />
    <ClInclude Include="d3d8to9\source\d3d8to9.hpp">
      <Filter>d3d8to9</Filter>
    </ClInclude>
    <ClInclude Include="d3d8to9\source\d3d8types.hpp">
      <Filter>d3d8to9</Filter>
    </ClInclude>
    <ClInclude Include="d3d8to9\source\d3dx9.hpp">
      <Filter>d3d8to9</Filter>
    </ClInclude>
    <ClInclude Include="d3d8to9\source\lookup_table.hpp">
      <Filter>d3d8to9</Filter>
    </ClInclude>
    <ClInclude Include="d3d8to9\res\resource.h">
      <Filter>d3d8to9</Filter>
    </ClInclude>
    <ClInclude Include="External\Logging\Logging.h">
      <Filter>External\Logging</Filter>
    </ClInclude>
    <ClInclude Include="External\Hooking\Hook.h">
      <Filter>External\Hooking</Filter>
    </ClInclude>
    <ClInclude Include="Logging\Logging.h">
      <Filter>Logging</Filter>
    </ClInclude>
  </ItemGroup>
  <ItemGroup>
    <Filter Include="d3d8to9">
      <UniqueIdentifier>{4e6aef91-bffe-4243-9b65-7f2df559fded}</UniqueIdentifier>
    </Filter>
    <Filter Include="External">
      <UniqueIdentifier>{781b76c7-965e-402c-9619-37d3cfcb9d03}</UniqueIdentifier>
    </Filter>
    <Filter Include="External\Logging">
      <UniqueIdentifier>{8f07bea9-cf9e-4665-90bf-772e54c78be9}</UniqueIdentifier>
    </Filter>
    <Filter Include="External\Hooking">
      <UniqueIdentifier>{88ac4597-a9fe-4164-9423-ebacea8f00d6}</UniqueIdentifier>
    </Filter>
    <Filter Include="Logging">
      <UniqueIdentifier>{a30e7fcd-e63c-4e86-9c8c-fcc799be392e}</UniqueIdentifier>
    </Filter>
  </ItemGroup>
  <ItemGroup>
    <None Include="d3d8.def" />
  </ItemGroup>
  <ItemGroup>
    <ResourceCompile Include="d3d8to9\res\d3d8to9.rc">
      <Filter>d3d8to9</Filter>
    </ResourceCompile>
    <ResourceCompile Include="BuildNo.rc" />
    <ResourceCompile Include="Dllmain.rc" />
  </ItemGroup>
</Project>