<?xml version="1.0" encoding="utf-8"?>
<Project ToolsVersion="4.0" xmlns="http://schemas.microsoft.com/developer/msbuild/2003">
  <ItemGroup>
    <ClCompile Include="Dllmain.cpp" />
    <ClCompile Include="External\Logging\Logging.cpp">
      <Filter>External\Logging</Filter>
    </ClCompile>
    <ClCompile Include="External\Hooking\Hook.cpp">
      <Filter>External\Hooking</Filter>
    </ClCompile>
    <ClCompile Include="External\Hooking\HotPatch.cpp">
      <Filter>External\Hooking</Filter>
    </ClCompile>
    <ClCompile Include="External\Hooking\IATPatch.cpp">
      <Filter>External\Hooking</Filter>
    </ClCompile>
    <ClCompile Include="External\d3d8to9\source\d3d8to9_base.cpp">
      <Filter>External\d3d8to9</Filter>
    </ClCompile>
    <ClCompile Include="External\d3d8to9\source\d3d8to9_device.cpp">
      <Filter>External\d3d8to9</Filter>
    </ClCompile>
    <ClCompile Include="External\d3d8to9\source\d3d8to9_index_buffer.cpp">
      <Filter>External\d3d8to9</Filter>
    </ClCompile>
    <ClCompile Include="External\d3d8to9\source\d3d8to9_surface.cpp">
      <Filter>External\d3d8to9</Filter>
    </ClCompile>
    <ClCompile Include="External\d3d8to9\source\d3d8to9_swap_chain.cpp">
      <Filter>External\d3d8to9</Filter>
    </ClCompile>
    <ClCompile Include="External\d3d8to9\source\d3d8to9_texture.cpp">
      <Filter>External\d3d8to9</Filter>
    </ClCompile>
    <ClCompile Include="External\d3d8to9\source\d3d8to9_vertex_buffer.cpp">
      <Filter>External\d3d8to9</Filter>
    </ClCompile>
    <ClCompile Include="External\d3d8to9\source\d3d8to9_volume.cpp">
      <Filter>External\d3d8to9</Filter>
    </ClCompile>
    <ClCompile Include="External\d3d8to9\source\d3d8types.cpp">
      <Filter>External\d3d8to9</Filter>
    </ClCompile>
    <ClCompile Include="d3d8to9\d3d8to9.cpp">
      <Filter>d3d8to9</Filter>
    </ClCompile>
    <ClCompile Include="External\d3d8to9\source\interface_query.cpp">
      <Filter>External\d3d8to9</Filter>
    </ClCompile>
    <ClCompile Include="Settings\Settings.cpp">
      <Filter>Settings</Filter>
    </ClCompile>
    <ClCompile Include="d3d8\d3d8.cpp">
      <Filter>d3d8</Filter>
    </ClCompile>
    <ClCompile Include="d3d8\IDirect3D8.cpp">
      <Filter>d3d8</Filter>
    </ClCompile>
    <ClCompile Include="d3d8\IDirect3DCubeTexture8.cpp">
      <Filter>d3d8</Filter>
    </ClCompile>
    <ClCompile Include="d3d8\IDirect3DDevice8.cpp">
      <Filter>d3d8</Filter>
    </ClCompile>
    <ClCompile Include="d3d8\IDirect3DIndexBuffer8.cpp">
      <Filter>d3d8</Filter>
    </ClCompile>
    <ClCompile Include="d3d8\IDirect3DSurface8.cpp">
      <Filter>d3d8</Filter>
    </ClCompile>
    <ClCompile Include="d3d8\IDirect3DSwapChain8.cpp">
      <Filter>d3d8</Filter>
    </ClCompile>
    <ClCompile Include="d3d8\IDirect3DTexture8.cpp">
      <Filter>d3d8</Filter>
    </ClCompile>
    <ClCompile Include="d3d8\IDirect3DVertexBuffer8.cpp">
      <Filter>d3d8</Filter>
    </ClCompile>
    <ClCompile Include="d3d8\IDirect3DVolume8.cpp">
      <Filter>d3d8</Filter>
    </ClCompile>
    <ClCompile Include="d3d8\IDirect3DVolumeTexture8.cpp">
      <Filter>d3d8</Filter>
    </ClCompile>
    <ClCompile Include="d3d8\InterfaceQuery.cpp">
      <Filter>d3d8</Filter>
    </ClCompile>
  </ItemGroup>
  <ItemGroup>
    <ClInclude Include="Dllmain.h" />
    <ClInclude Include="External\Logging\Logging.h">
      <Filter>External\Logging</Filter>
    </ClInclude>
    <ClInclude Include="External\Hooking\Hook.h">
      <Filter>External\Hooking</Filter>
    </ClInclude>
    <ClInclude Include="Logging\Logging.h">
      <Filter>Logging</Filter>
    </ClInclude>
    <ClInclude Include="External\d3d8to9\source\d3d8to9.hpp">
      <Filter>External\d3d8to9</Filter>
    </ClInclude>
    <ClInclude Include="External\d3d8to9\source\d3d8types.hpp">
      <Filter>External\d3d8to9</Filter>
    </ClInclude>
    <ClInclude Include="External\d3d8to9\source\d3dx9.hpp">
      <Filter>External\d3d8to9</Filter>
    </ClInclude>
    <ClInclude Include="d3d8to9\d3d8to9.h">
      <Filter>d3d8to9</Filter>
    </ClInclude>
    <ClInclude Include="Settings\Settings.h">
      <Filter>Settings</Filter>
    </ClInclude>
    <ClInclude Include="d3d8\AddressLookupTable.h">
      <Filter>d3d8</Filter>
    </ClInclude>
    <ClInclude Include="d3d8\d3d8.h">
      <Filter>d3d8</Filter>
    </ClInclude>
    <ClInclude Include="d3d8\IDirect3D8.h">
      <Filter>d3d8</Filter>
    </ClInclude>
    <ClInclude Include="d3d8\IDirect3DCubeTexture8.h">
      <Filter>d3d8</Filter>
    </ClInclude>
    <ClInclude Include="d3d8\IDirect3DDevice8.h">
      <Filter>d3d8</Filter>
    </ClInclude>
    <ClInclude Include="d3d8\IDirect3DIndexBuffer8.h">
      <Filter>d3d8</Filter>
    </ClInclude>
    <ClInclude Include="d3d8\IDirect3DSurface8.h">
      <Filter>d3d8</Filter>
    </ClInclude>
    <ClInclude Include="d3d8\IDirect3DSwapChain8.h">
      <Filter>d3d8</Filter>
    </ClInclude>
    <ClInclude Include="d3d8\IDirect3DTexture8.h">
      <Filter>d3d8</Filter>
    </ClInclude>
    <ClInclude Include="d3d8\IDirect3DVertexBuffer8.h">
      <Filter>d3d8</Filter>
    </ClInclude>
    <ClInclude Include="d3d8\IDirect3DVolume8.h">
      <Filter>d3d8</Filter>
    </ClInclude>
    <ClInclude Include="d3d8\IDirect3DVolumeTexture8.h">
      <Filter>d3d8</Filter>
    </ClInclude>
    <ClInclude Include="External\d3d8to9\source\interface_query.hpp">
      <Filter>External\d3d8to9</Filter>
    </ClInclude>
  </ItemGroup>
  <ItemGroup>
    <Filter Include="d3d8to9">
      <UniqueIdentifier>{4e6aef91-bffe-4243-9b65-7f2df559fded}</UniqueIdentifier>
    </Filter>
    <Filter Include="External">
      <UniqueIdentifier>{781b76c7-965e-402c-9619-37d3cfcb9d03}</UniqueIdentifier>
    </Filter>
    <Filter Include="External\Logging">
      <UniqueIdentifier>{8f07bea9-cf9e-4665-90bf-772e54c78be9}</UniqueIdentifier>
    </Filter>
    <Filter Include="External\Hooking">
      <UniqueIdentifier>{88ac4597-a9fe-4164-9423-ebacea8f00d6}</UniqueIdentifier>
    </Filter>
    <Filter Include="Logging">
      <UniqueIdentifier>{a30e7fcd-e63c-4e86-9c8c-fcc799be392e}</UniqueIdentifier>
    </Filter>
    <Filter Include="External\d3d8to9">
      <UniqueIdentifier>{eb5b072d-b2b2-4351-90d6-416c0d9179fd}</UniqueIdentifier>
    </Filter>
    <Filter Include="Settings">
      <UniqueIdentifier>{b8fca170-927c-4d7e-8c9a-87470dade899}</UniqueIdentifier>
    </Filter>
    <Filter Include="d3d8">
      <UniqueIdentifier>{848c5726-ab2f-46a5-9f94-62bd772b10ff}</UniqueIdentifier>
    </Filter>
  </ItemGroup>
  <ItemGroup>
    <None Include="d3d8.def" />
    <None Include="Settings\Settings.ini">
      <Filter>Settings</Filter>
    </None>
  </ItemGroup>
  <ItemGroup>
    <ResourceCompile Include="BuildNo.rc" />
    <ResourceCompile Include="Dllmain.rc" />
  </ItemGroup>
</Project>